
Microsoft Visual Studio Solution File, Format Version 12.00
# Visual Studio Version 17
VisualStudioVersion = 17.7.34221.43
MinimumVisualStudioVersion = 10.0.40219.1
Project("{878d8674-0b30-42b6-9b3e-72dd74ed83fa}") = "SampleXboxExport", "SampleXboxExport.vcxproj", "{83803102-aa38-4916-83b5-6177493b828c}"
EndProject
Global
	GlobalSection(SolutionConfigurationPlatforms) = preSolution
		Debug|ARM = Debug|ARM
		Debug|ARM64 = Debug|ARM64
		Debug|x64 = Debug|x64
		Debug|x86 = Debug|x86
		Release|ARM = Release|ARM
		Release|ARM64 = Release|ARM64
		Release|x64 = Release|x64
		Release|x86 = Release|x86
	EndGlobalSection
	GlobalSection(ProjectConfigurationPlatforms) = postSolution
		{83803102-aa38-4916-83b5-6177493b828c}.Debug|ARM.ActiveCfg = Debug|ARM
		{83803102-aa38-4916-83b5-6177493b828c}.Debug|ARM.Build.0 = Debug|ARM
		{83803102-aa38-4916-83b5-6177493b828c}.Debug|ARM.Deploy.0 = Debug|ARM
		{83803102-aa38-4916-83b5-6177493b828c}.Debug|ARM64.ActiveCfg = Debug|ARM64
		{83803102-aa38-4916-83b5-6177493b828c}.Debug|ARM64.Build.0 = Debug|ARM64
		{83803102-aa38-4916-83b5-6177493b828c}.Debug|ARM64.Deploy.0 = Debug|ARM64
		{83803102-aa38-4916-83b5-6177493b828c}.Debug|x64.ActiveCfg = Debug|x64
		{83803102-aa38-4916-83b5-6177493b828c}.Debug|x64.Build.0 = Debug|x64
		{83803102-aa38-4916-83b5-6177493b828c}.Debug|x64.Deploy.0 = Debug|x64
		{83803102-aa38-4916-83b5-6177493b828c}.Debug|x86.ActiveCfg = Debug|Win32
		{83803102-aa38-4916-83b5-6177493b828c}.Debug|x86.Build.0 = Debug|Win32
		{83803102-aa38-4916-83b5-6177493b828c}.Debug|x86.Deploy.0 = Debug|Win32
		{83803102-aa38-4916-83b5-6177493b828c}.Release|ARM.ActiveCfg = Release|ARM
		{83803102-aa38-4916-83b5-6177493b828c}.Release|ARM.Build.0 = Release|ARM
		{83803102-aa38-4916-83b5-6177493b828c}.Release|ARM.Deploy.0 = Release|ARM
		{83803102-aa38-4916-83b5-6177493b828c}.Release|ARM64.ActiveCfg = Release|ARM64
		{83803102-aa38-4916-83b5-6177493b828c}.Release|ARM64.Build.0 = Release|ARM64
		{83803102-aa38-4916-83b5-6177493b828c}.Release|ARM64.Deploy.0 = Release|ARM64
		{83803102-aa38-4916-83b5-6177493b828c}.Release|x64.ActiveCfg = Release|x64
		{83803102-aa38-4916-83b5-6177493b828c}.Release|x64.Build.0 = Release|x64
		{83803102-aa38-4916-83b5-6177493b828c}.Release|x64.Deploy.0 = Release|x64
		{83803102-aa38-4916-83b5-6177493b828c}.Release|x86.ActiveCfg = Release|Win32
		{83803102-aa38-4916-83b5-6177493b828c}.Release|x86.Build.0 = Release|Win32
		{83803102-aa38-4916-83b5-6177493b828c}.Release|x86.Deploy.0 = Release|Win32
	EndGlobalSection
	GlobalSection(SolutionProperties) = preSolution
		HideSolutionNode = FALSE
	EndGlobalSection
	GlobalSection(ExtensibilityGlobals) = postSolution
		SolutionGuid = {52adb1b5-0236-4d17-83e8-608451e9ca79}
	EndGlobalSection
EndGlobal
